// !$*UTF8*$!
{
	archiveVersion = 1;
	classes = {
	};
	objectVersion = 46;
	objects = {

/* Begin PBXBuildFile section */
		3BF10D3E19F5467B008BF60F /* mips_cpu.cpp in Sources */ = {isa = PBXBuildFile; fileRef = 3BF10D3C19F5467B008BF60F /* mips_cpu.cpp */; };
		3BF10D3F19F5467B008BF60F /* test_mips.cpp in Sources */ = {isa = PBXBuildFile; fileRef = 3BF10D3D19F5467B008BF60F /* test_mips.cpp */; };
		3BF10D4219F6DE76008BF60F /* mips_test_framework.cpp in Sources */ = {isa = PBXBuildFile; fileRef = 3BF10D4119F6DE76008BF60F /* mips_test_framework.cpp */; };
		3BF10D4419F6DEAA008BF60F /* mips_mem_ram.cpp in Sources */ = {isa = PBXBuildFile; fileRef = 3BF10D4319F6DEAA008BF60F /* mips_mem_ram.cpp */; };
/* End PBXBuildFile section */

/* Begin PBXCopyFilesBuildPhase section */
		3BF10D2F19F54649008BF60F /* CopyFiles */ = {
			isa = PBXCopyFilesBuildPhase;
			buildActionMask = 2147483647;
			dstPath = /usr/share/man/man1/;
			dstSubfolderSpec = 0;
			files = (
			);
			runOnlyForDeploymentPostprocessing = 1;
		};
/* End PBXCopyFilesBuildPhase section */

/* Begin PBXFileReference section */
		3BF10D3119F54649008BF60F /* MIPSim */ = {isa = PBXFileReference; explicitFileType = "compiled.mach-o.executable"; includeInIndex = 0; path = MIPSim; sourceTree = BUILT_PRODUCTS_DIR; };
		3BF10D3C19F5467B008BF60F /* mips_cpu.cpp */ = {isa = PBXFileReference; fileEncoding = 4; lastKnownFileType = sourcecode.cpp.cpp; path = mips_cpu.cpp; sourceTree = "<group>"; };
		3BF10D3D19F5467B008BF60F /* test_mips.cpp */ = {isa = PBXFileReference; fileEncoding = 4; lastKnownFileType = sourcecode.cpp.cpp; path = test_mips.cpp; sourceTree = "<group>"; };
		3BF10D4019F546E5008BF60F /* include */ = {isa = PBXFileReference; lastKnownFileType = folder; path = include; sourceTree = "<group>"; };
		3BF10D4119F6DE76008BF60F /* mips_test_framework.cpp */ = {isa = PBXFileReference; fileEncoding = 4; lastKnownFileType = sourcecode.cpp.cpp; name = mips_test_framework.cpp; path = ../shared/mips_test_framework.cpp; sourceTree = "<group>"; };
		3BF10D4319F6DEAA008BF60F /* mips_mem_ram.cpp */ = {isa = PBXFileReference; fileEncoding = 4; lastKnownFileType = sourcecode.cpp.cpp; name = mips_mem_ram.cpp; path = ../shared/mips_mem_ram.cpp; sourceTree = "<group>"; };
		3BF10D4519F6DEB8008BF60F /* mips_core.h */ = {isa = PBXFileReference; fileEncoding = 4; lastKnownFileType = sourcecode.c.h; name = mips_core.h; path = ../../include/mips_core.h; sourceTree = "<group>"; };
		3BF10D4619F6DEB8008BF60F /* mips_cpu.h */ = {isa = PBXFileReference; fileEncoding = 4; lastKnownFileType = sourcecode.c.h; name = mips_cpu.h; path = ../../include/mips_cpu.h; sourceTree = "<group>"; };
		3BF10D4719F6DEB8008BF60F /* mips_mem.h */ = {isa = PBXFileReference; fileEncoding = 4; lastKnownFileType = sourcecode.c.h; name = mips_mem.h; path = ../../include/mips_mem.h; sourceTree = "<group>"; };
		3BF10D4819F6DEB8008BF60F /* mips_test.h */ = {isa = PBXFileReference; fileEncoding = 4; lastKnownFileType = sourcecode.c.h; name = mips_test.h; path = ../../include/mips_test.h; sourceTree = "<group>"; };
		3BF10D4919F6DEB8008BF60F /* mips.h */ = {isa = PBXFileReference; fileEncoding = 4; lastKnownFileType = sourcecode.c.h; name = mips.h; path = ../../include/mips.h; sourceTree = "<group>"; };
/* End PBXFileReference section */

/* Begin PBXFrameworksBuildPhase section */
		3BF10D2E19F54649008BF60F /* Frameworks */ = {
			isa = PBXFrameworksBuildPhase;
			buildActionMask = 2147483647;
			files = (
			);
			runOnlyForDeploymentPostprocessing = 0;
		};
/* End PBXFrameworksBuildPhase section */

/* Begin PBXGroup section */
		3BF10D2819F54649008BF60F = {
			isa = PBXGroup;
			children = (
				3BF10D4A19F6DEC5008BF60F /* Framework */,
				3BF10D4019F546E5008BF60F /* include */,
				3BF10D3C19F5467B008BF60F /* mips_cpu.cpp */,
				3BF10D3D19F5467B008BF60F /* test_mips.cpp */,
				3BF10D3219F54649008BF60F /* Products */,
			);
			sourceTree = "<group>";
		};
		3BF10D3219F54649008BF60F /* Products */ = {
			isa = PBXGroup;
			children = (
				3BF10D3119F54649008BF60F /* MIPSim */,
			);
			name = Products;
			sourceTree = "<group>";
		};
		3BF10D4A19F6DEC5008BF60F /* Framework */ = {
			isa = PBXGroup;
			children = (
				3BF10D4519F6DEB8008BF60F /* mips_core.h */,
				3BF10D4619F6DEB8008BF60F /* mips_cpu.h */,
				3BF10D4719F6DEB8008BF60F /* mips_mem.h */,
				3BF10D4819F6DEB8008BF60F /* mips_test.h */,
				3BF10D4919F6DEB8008BF60F /* mips.h */,
				3BF10D4319F6DEAA008BF60F /* mips_mem_ram.cpp */,
				3BF10D4119F6DE76008BF60F /* mips_test_framework.cpp */,
			);
			name = Framework;
			sourceTree = "<group>";
		};
/* End PBXGroup section */

/* Begin PBXNativeTarget section */
		3BF10D3019F54649008BF60F /* MIPSim */ = {
			isa = PBXNativeTarget;
			buildConfigurationList = 3BF10D3819F54649008BF60F /* Build configuration list for PBXNativeTarget "MIPSim" */;
			buildPhases = (
				3BF10D2D19F54649008BF60F /* Sources */,
				3BF10D2E19F54649008BF60F /* Frameworks */,
				3BF10D2F19F54649008BF60F /* CopyFiles */,
			);
			buildRules = (
			);
			dependencies = (
			);
			name = MIPSim;
			productName = MIPSim;
			productReference = 3BF10D3119F54649008BF60F /* MIPSim */;
			productType = "com.apple.product-type.tool";
		};
/* End PBXNativeTarget section */

/* Begin PBXProject section */
		3BF10D2919F54649008BF60F /* Project object */ = {
			isa = PBXProject;
			attributes = {
				LastUpgradeCheck = 0600;
				ORGANIZATIONNAME = OJFord;
				TargetAttributes = {
					3BF10D3019F54649008BF60F = {
						CreatedOnToolsVersion = 6.0.1;
					};
				};
			};
			buildConfigurationList = 3BF10D2C19F54649008BF60F /* Build configuration list for PBXProject "MIPSim" */;
			compatibilityVersion = "Xcode 3.2";
			developmentRegion = English;
			hasScannedForEncodings = 0;
			knownRegions = (
				en,
			);
			mainGroup = 3BF10D2819F54649008BF60F;
			productRefGroup = 3BF10D3219F54649008BF60F /* Products */;
			projectDirPath = "";
			projectRoot = "";
			targets = (
				3BF10D3019F54649008BF60F /* MIPSim */,
			);
		};
/* End PBXProject section */

/* Begin PBXSourcesBuildPhase section */
		3BF10D2D19F54649008BF60F /* Sources */ = {
			isa = PBXSourcesBuildPhase;
			buildActionMask = 2147483647;
			files = (
				3BF10D4219F6DE76008BF60F /* mips_test_framework.cpp in Sources */,
				3BF10D3E19F5467B008BF60F /* mips_cpu.cpp in Sources */,
				3BF10D3F19F5467B008BF60F /* test_mips.cpp in Sources */,
				3BF10D4419F6DEAA008BF60F /* mips_mem_ram.cpp in Sources */,
			);
			runOnlyForDeploymentPostprocessing = 0;
		};
/* End PBXSourcesBuildPhase section */

/* Begin XCBuildConfiguration section */
		3BF10D3619F54649008BF60F /* Debug */ = {
			isa = XCBuildConfiguration;
			buildSettings = {
				ALWAYS_SEARCH_USER_PATHS = NO;
				CLANG_CXX_LANGUAGE_STANDARD = "gnu++0x";
				CLANG_CXX_LIBRARY = "libc++";
				CLANG_ENABLE_MODULES = YES;
				CLANG_ENABLE_OBJC_ARC = YES;
				CLANG_WARN_BOOL_CONVERSION = YES;
				CLANG_WARN_CONSTANT_CONVERSION = YES;
				CLANG_WARN_DIRECT_OBJC_ISA_USAGE = YES_ERROR;
				CLANG_WARN_EMPTY_BODY = YES;
				CLANG_WARN_ENUM_CONVERSION = YES;
				CLANG_WARN_INT_CONVERSION = YES;
				CLANG_WARN_OBJC_ROOT_CLASS = YES_ERROR;
				CLANG_WARN_UNREACHABLE_CODE = YES;
				CLANG_WARN__DUPLICATE_METHOD_MATCH = YES;
				COPY_PHASE_STRIP = NO;
				ENABLE_STRICT_OBJC_MSGSEND = YES;
				GCC_C_LANGUAGE_STANDARD = gnu99;
				GCC_DYNAMIC_NO_PIC = NO;
				GCC_OPTIMIZATION_LEVEL = 0;
				GCC_PREPROCESSOR_DEFINITIONS = (
					"DEBUG=1",
					"$(inherited)",
				);
				GCC_SYMBOLS_PRIVATE_EXTERN = NO;
				GCC_WARN_64_TO_32_BIT_CONVERSION = YES;
				GCC_WARN_ABOUT_RETURN_TYPE = YES_ERROR;
				GCC_WARN_UNDECLARED_SELECTOR = YES;
				GCC_WARN_UNINITIALIZED_AUTOS = YES_AGGRESSIVE;
				GCC_WARN_UNUSED_FUNCTION = YES;
				GCC_WARN_UNUSED_VARIABLE = YES;
				MACOSX_DEPLOYMENT_TARGET = 10.10;
				MTL_ENABLE_DEBUG_INFO = YES;
				ONLY_ACTIVE_ARCH = YES;
				SDKROOT = macosx;
			};
			name = Debug;
		};
		3BF10D3719F54649008BF60F /* Release */ = {
			isa = XCBuildConfiguration;
			buildSettings = {
				ALWAYS_SEARCH_USER_PATHS = NO;
				CLANG_CXX_LANGUAGE_STANDARD = "gnu++0x";
				CLANG_CXX_LIBRARY = "libc++";
				CLANG_ENABLE_MODULES = YES;
				CLANG_ENABLE_OBJC_ARC = YES;
				CLANG_WARN_BOOL_CONVERSION = YES;
				CLANG_WARN_CONSTANT_CONVERSION = YES;
				CLANG_WARN_DIRECT_OBJC_ISA_USAGE = YES_ERROR;
				CLANG_WARN_EMPTY_BODY = YES;
				CLANG_WARN_ENUM_CONVERSION = YES;
				CLANG_WARN_INT_CONVERSION = YES;
				CLANG_WARN_OBJC_ROOT_CLASS = YES_ERROR;
				CLANG_WARN_UNREACHABLE_CODE = YES;
				CLANG_WARN__DUPLICATE_METHOD_MATCH = YES;
				COPY_PHASE_STRIP = YES;
				DEBUG_INFORMATION_FORMAT = "dwarf-with-dsym";
				ENABLE_NS_ASSERTIONS = NO;
				ENABLE_STRICT_OBJC_MSGSEND = YES;
				GCC_C_LANGUAGE_STANDARD = gnu99;
				GCC_WARN_64_TO_32_BIT_CONVERSION = YES;
				GCC_WARN_ABOUT_RETURN_TYPE = YES_ERROR;
				GCC_WARN_UNDECLARED_SELECTOR = YES;
				GCC_WARN_UNINITIALIZED_AUTOS = YES_AGGRESSIVE;
				GCC_WARN_UNUSED_FUNCTION = YES;
				GCC_WARN_UNUSED_VARIABLE = YES;
				MACOSX_DEPLOYMENT_TARGET = 10.10;
				MTL_ENABLE_DEBUG_INFO = NO;
				SDKROOT = macosx;
			};
			name = Release;
		};
		3BF10D3919F54649008BF60F /* Debug */ = {
			isa = XCBuildConfiguration;
			buildSettings = {
				PRODUCT_NAME = "$(TARGET_NAME)";
			};
			name = Debug;
		};
		3BF10D3A19F54649008BF60F /* Release */ = {
			isa = XCBuildConfiguration;
			buildSettings = {
				PRODUCT_NAME = "$(TARGET_NAME)";
			};
			name = Release;
		};
/* End XCBuildConfiguration section */

/* Begin XCConfigurationList section */
		3BF10D2C19F54649008BF60F /* Build configuration list for PBXProject "MIPSim" */ = {
			isa = XCConfigurationList;
			buildConfigurations = (
				3BF10D3619F54649008BF60F /* Debug */,
				3BF10D3719F54649008BF60F /* Release */,
			);
			defaultConfigurationIsVisible = 0;
			defaultConfigurationName = Release;
		};
		3BF10D3819F54649008BF60F /* Build configuration list for PBXNativeTarget "MIPSim" */ = {
			isa = XCConfigurationList;
			buildConfigurations = (
				3BF10D3919F54649008BF60F /* Debug */,
				3BF10D3A19F54649008BF60F /* Release */,
			);
			defaultConfigurationIsVisible = 0;
			defaultConfigurationName = Release;
		};
/* End XCConfigurationList section */
	};
	rootObject = 3BF10D2919F54649008BF60F /* Project object */;
}
